Microsoft Visual Studio Solution File, Format Version 12.00
# Visual Studio 15
VisualStudioVersion = 15.0.27130.0
MinimumVisualStudioVersion = 10.0.40219.1
Project("{FAE04EC0-301F-11D3-BF4B-00C04F79EFBC}") = "PipelineComponentWizard", "PipelineComponentWizard\PipelineComponentWizard.csproj", "{628BA2B0-D5D3-4BCC-925E-C1EF60B76021}"
EndProject
Project("{FAE04EC0-301F-11D3-BF4B-00C04F79EFBC}") = "CodeGenerators", "CodeGenerators\CodeGenerators.csproj", "{867052D7-2718-45F5-820B-82E89AD3D49A}"
EndProject
Project("{FAE04EC0-301F-11D3-BF4B-00C04F79EFBC}") = "PipelineComponentTemplate", "PipelineComponentTemplate\PipelineComponentTemplate.csproj", "{000F6EF2-0AD0-4600-97B4-C149EDBFE00A}"
EndProject
Project("{FAE04EC0-301F-11D3-BF4B-00C04F79EFBC}") = "PipelineComponentVSIXProject", "PipelineComponentVSIXProject\PipelineComponentVSIXProject.csproj", "{03461056-1C86-45AF-A806-1B9DE28CCCFA}"
EndProject
Global
	GlobalSection(SolutionConfigurationPlatforms) = preSolution
		Debug|Any CPU = Debug|Any CPU
		Release|Any CPU = Release|Any CPU
	EndGlobalSection
	GlobalSection(ProjectConfigurationPlatforms) = postSolution
		{628BA2B0-D5D3-4BCC-925E-C1EF60B76021}.Debug|Any CPU.ActiveCfg = Debug|Any CPU
		{628BA2B0-D5D3-4BCC-925E-C1EF60B76021}.Debug|Any CPU.Build.0 = Debug|Any CPU
		{628BA2B0-D5D3-4BCC-925E-C1EF60B76021}.Release|Any CPU.ActiveCfg = Release|Any CPU
		{628BA2B0-D5D3-4BCC-925E-C1EF60B76021}.Release|Any CPU.Build.0 = Release|Any CPU
		{867052D7-2718-45F5-820B-82E89AD3D49A}.Debug|Any CPU.ActiveCfg = Debug|Any CPU
		{867052D7-2718-45F5-820B-82E89AD3D49A}.Debug|Any CPU.Build.0 = Debug|Any CPU
		{867052D7-2718-45F5-820B-82E89AD3D49A}.Release|Any CPU.ActiveCfg = Release|Any CPU
		{867052D7-2718-45F5-820B-82E89AD3D49A}.Release|Any CPU.Build.0 = Release|Any CPU
		{000F6EF2-0AD0-4600-97B4-C149EDBFE00A}.Debug|Any CPU.ActiveCfg = Debug|Any CPU
		{000F6EF2-0AD0-4600-97B4-C149EDBFE00A}.Debug|Any CPU.Build.0 = Debug|Any CPU
		{000F6EF2-0AD0-4600-97B4-C149EDBFE00A}.Release|Any CPU.ActiveCfg = Release|Any CPU
		{000F6EF2-0AD0-4600-97B4-C149EDBFE00A}.Release|Any CPU.Build.0 = Release|Any CPU
		{03461056-1C86-45AF-A806-1B9DE28CCCFA}.Debug|Any CPU.ActiveCfg = Debug|Any CPU
		{03461056-1C86-45AF-A806-1B9DE28CCCFA}.Debug|Any CPU.Build.0 = Debug|Any CPU
		{03461056-1C86-45AF-A806-1B9DE28CCCFA}.Release|Any CPU.ActiveCfg = Release|Any CPU
		{03461056-1C86-45AF-A806-1B9DE28CCCFA}.Release|Any CPU.Build.0 = Release|Any CPU
	EndGlobalSection
	GlobalSection(SolutionProperties) = preSolution
		HideSolutionNode = FALSE
	EndGlobalSection
	GlobalSection(ExtensibilityGlobals) = postSolution
		SolutionGuid = {A4010999-B188-4500-81C8-FBC6858B484C}
	EndGlobalSection
EndGlobal
